
Microsoft Visual Studio Solution File, Format Version 12.00
# Visual Studio Version 17
VisualStudioVersion = 17.5.33516.290
MinimumVisualStudioVersion = 10.0.40219.1
Project("{FAE04EC0-301F-11D3-BF4B-00C04F79EFBC}") = "ProvaPub", "ProvaPub.csproj", "{BF0C6C17-A860-47B0-BF84-1FBB2E26742A}"
EndProject
Project("{FAE04EC0-301F-11D3-BF4B-00C04F79EFBC}") = "Test", "Test\Test.csproj", "{CD692568-AA42-4202-871B-8E772656EBFA}"
EndProject
Global
	GlobalSection(SolutionConfigurationPlatforms) = preSolution
		Debug|Any CPU = Debug|Any CPU
		Debug|x64 = Debug|x64
		Debug|x86 = Debug|x86
		Release|Any CPU = Release|Any CPU
		Release|x64 = Release|x64
		Release|x86 = Release|x86
	EndGlobalSection
	GlobalSection(ProjectConfigurationPlatforms) = postSolution
		{BF0C6C17-A860-47B0-BF84-1FBB2E26742A}.Debug|Any CPU.ActiveCfg = Debug|Any CPU
		{BF0C6C17-A860-47B0-BF84-1FBB2E26742A}.Debug|Any CPU.Build.0 = Debug|Any CPU
		{BF0C6C17-A860-47B0-BF84-1FBB2E26742A}.Debug|x64.ActiveCfg = Debug|Any CPU
		{BF0C6C17-A860-47B0-BF84-1FBB2E26742A}.Debug|x64.Build.0 = Debug|Any CPU
		{BF0C6C17-A860-47B0-BF84-1FBB2E26742A}.Debug|x86.ActiveCfg = Debug|Any CPU
		{BF0C6C17-A860-47B0-BF84-1FBB2E26742A}.Debug|x86.Build.0 = Debug|Any CPU
		{BF0C6C17-A860-47B0-BF84-1FBB2E26742A}.Release|Any CPU.ActiveCfg = Release|Any CPU
		{BF0C6C17-A860-47B0-BF84-1FBB2E26742A}.Release|Any CPU.Build.0 = Release|Any CPU
		{BF0C6C17-A860-47B0-BF84-1FBB2E26742A}.Release|x64.ActiveCfg = Release|Any CPU
		{BF0C6C17-A860-47B0-BF84-1FBB2E26742A}.Release|x64.Build.0 = Release|Any CPU
		{BF0C6C17-A860-47B0-BF84-1FBB2E26742A}.Release|x86.ActiveCfg = Release|Any CPU
		{BF0C6C17-A860-47B0-BF84-1FBB2E26742A}.Release|x86.Build.0 = Release|Any CPU
		{CD692568-AA42-4202-871B-8E772656EBFA}.Debug|Any CPU.ActiveCfg = Debug|Any CPU
		{CD692568-AA42-4202-871B-8E772656EBFA}.Debug|Any CPU.Build.0 = Debug|Any CPU
		{CD692568-AA42-4202-871B-8E772656EBFA}.Debug|x64.ActiveCfg = Debug|Any CPU
		{CD692568-AA42-4202-871B-8E772656EBFA}.Debug|x64.Build.0 = Debug|Any CPU
		{CD692568-AA42-4202-871B-8E772656EBFA}.Debug|x86.ActiveCfg = Debug|Any CPU
		{CD692568-AA42-4202-871B-8E772656EBFA}.Debug|x86.Build.0 = Debug|Any CPU
		{CD692568-AA42-4202-871B-8E772656EBFA}.Release|Any CPU.ActiveCfg = Release|Any CPU
		{CD692568-AA42-4202-871B-8E772656EBFA}.Release|Any CPU.Build.0 = Release|Any CPU
		{CD692568-AA42-4202-871B-8E772656EBFA}.Release|x64.ActiveCfg = Release|Any CPU
		{CD692568-AA42-4202-871B-8E772656EBFA}.Release|x64.Build.0 = Release|Any CPU
		{CD692568-AA42-4202-871B-8E772656EBFA}.Release|x86.ActiveCfg = Release|Any CPU
		{CD692568-AA42-4202-871B-8E772656EBFA}.Release|x86.Build.0 = Release|Any CPU
	EndGlobalSection
	GlobalSection(SolutionProperties) = preSolution
		HideSolutionNode = FALSE
	EndGlobalSection
	GlobalSection(ExtensibilityGlobals) = postSolution
		SolutionGuid = {508154CE-59FC-48C4-A288-C3D88E9607FE}
	EndGlobalSection
EndGlobal
