
Microsoft Visual Studio Solution File, Format Version 12.00
# Visual Studio Version 17
VisualStudioVersion = 17.0.31903.59
MinimumVisualStudioVersion = 10.0.40219.1
Project("{2150E333-8FDC-42A3-9474-1A3956D46DE8}") = "src", "src", "{827E0CD3-B72D-47B6-A68D-7590B98EB39B}"
EndProject
Project("{FAE04EC0-301F-11D3-BF4B-00C04F79EFBC}") = "ProvaPub.Domain", "src\ProvaPub.Domain\ProvaPub.Domain.csproj", "{0F37930C-BF24-48CF-83A8-CF649CCB9059}"
EndProject
Project("{FAE04EC0-301F-11D3-BF4B-00C04F79EFBC}") = "ProvaPub.Application", "src\ProvaPub.Application\ProvaPub.Application.csproj", "{D062A6A5-087E-454E-878D-AC07EE8CF7CD}"
EndProject
Project("{FAE04EC0-301F-11D3-BF4B-00C04F79EFBC}") = "ProvaPub.Infrastructure", "src\ProvaPub.Infrastructure\ProvaPub.Infrastructure.csproj", "{A8B8F6FC-04CF-4B82-B24B-661A9CC18F01}"
EndProject
Project("{FAE04EC0-301F-11D3-BF4B-00C04F79EFBC}") = "ProvaPub.Api", "src\ProvaPub.Api\ProvaPub.Api.csproj", "{E671140E-FCA4-44C9-AD99-340914CFBD89}"
EndProject
Project("{2150E333-8FDC-42A3-9474-1A3956D46DE8}") = "tests", "tests", "{0AB3BF05-4346-4AA6-1389-037BE0695223}"
EndProject
Project("{FAE04EC0-301F-11D3-BF4B-00C04F79EFBC}") = "ProvaPub.Tests", "tests\ProvaPub.Tests\ProvaPub.Tests.csproj", "{F830541D-C33A-4F95-AC20-31165CEB437C}"
EndProject
Project("{FAE04EC0-301F-11D3-BF4B-00C04F79EFBC}") = "ProvaPub.RegressionTests", "tests\ProvaPub.RegressionTests\ProvaPub.RegressionTests.csproj", "{6E741866-FE55-4478-8849-27E3E82C6F71}"
EndProject
Global
	GlobalSection(SolutionConfigurationPlatforms) = preSolution
		Debug|Any CPU = Debug|Any CPU
		Debug|x64 = Debug|x64
		Debug|x86 = Debug|x86
		Release|Any CPU = Release|Any CPU
		Release|x64 = Release|x64
		Release|x86 = Release|x86
	EndGlobalSection
	GlobalSection(ProjectConfigurationPlatforms) = postSolution
		{0F37930C-BF24-48CF-83A8-CF649CCB9059}.Debug|Any CPU.ActiveCfg = Debug|Any CPU
		{0F37930C-BF24-48CF-83A8-CF649CCB9059}.Debug|Any CPU.Build.0 = Debug|Any CPU
		{0F37930C-BF24-48CF-83A8-CF649CCB9059}.Debug|x64.ActiveCfg = Debug|Any CPU
		{0F37930C-BF24-48CF-83A8-CF649CCB9059}.Debug|x64.Build.0 = Debug|Any CPU
		{0F37930C-BF24-48CF-83A8-CF649CCB9059}.Debug|x86.ActiveCfg = Debug|Any CPU
		{0F37930C-BF24-48CF-83A8-CF649CCB9059}.Debug|x86.Build.0 = Debug|Any CPU
		{0F37930C-BF24-48CF-83A8-CF649CCB9059}.Release|Any CPU.ActiveCfg = Release|Any CPU
		{0F37930C-BF24-48CF-83A8-CF649CCB9059}.Release|Any CPU.Build.0 = Release|Any CPU
		{0F37930C-BF24-48CF-83A8-CF649CCB9059}.Release|x64.ActiveCfg = Release|Any CPU
		{0F37930C-BF24-48CF-83A8-CF649CCB9059}.Release|x64.Build.0 = Release|Any CPU
		{0F37930C-BF24-48CF-83A8-CF649CCB9059}.Release|x86.ActiveCfg = Release|Any CPU
		{0F37930C-BF24-48CF-83A8-CF649CCB9059}.Release|x86.Build.0 = Release|Any CPU
		{D062A6A5-087E-454E-878D-AC07EE8CF7CD}.Debug|Any CPU.ActiveCfg = Debug|Any CPU
		{D062A6A5-087E-454E-878D-AC07EE8CF7CD}.Debug|Any CPU.Build.0 = Debug|Any CPU
		{D062A6A5-087E-454E-878D-AC07EE8CF7CD}.Debug|x64.ActiveCfg = Debug|Any CPU
		{D062A6A5-087E-454E-878D-AC07EE8CF7CD}.Debug|x64.Build.0 = Debug|Any CPU
		{D062A6A5-087E-454E-878D-AC07EE8CF7CD}.Debug|x86.ActiveCfg = Debug|Any CPU
		{D062A6A5-087E-454E-878D-AC07EE8CF7CD}.Debug|x86.Build.0 = Debug|Any CPU
		{D062A6A5-087E-454E-878D-AC07EE8CF7CD}.Release|Any CPU.ActiveCfg = Release|Any CPU
		{D062A6A5-087E-454E-878D-AC07EE8CF7CD}.Release|Any CPU.Build.0 = Release|Any CPU
		{D062A6A5-087E-454E-878D-AC07EE8CF7CD}.Release|x64.ActiveCfg = Release|Any CPU
		{D062A6A5-087E-454E-878D-AC07EE8CF7CD}.Release|x64.Build.0 = Release|Any CPU
		{D062A6A5-087E-454E-878D-AC07EE8CF7CD}.Release|x86.ActiveCfg = Release|Any CPU
		{D062A6A5-087E-454E-878D-AC07EE8CF7CD}.Release|x86.Build.0 = Release|Any CPU
		{A8B8F6FC-04CF-4B82-B24B-661A9CC18F01}.Debug|Any CPU.ActiveCfg = Debug|Any CPU
		{A8B8F6FC-04CF-4B82-B24B-661A9CC18F01}.Debug|Any CPU.Build.0 = Debug|Any CPU
		{A8B8F6FC-04CF-4B82-B24B-661A9CC18F01}.Debug|x64.ActiveCfg = Debug|Any CPU
		{A8B8F6FC-04CF-4B82-B24B-661A9CC18F01}.Debug|x64.Build.0 = Debug|Any CPU
		{A8B8F6FC-04CF-4B82-B24B-661A9CC18F01}.Debug|x86.ActiveCfg = Debug|Any CPU
		{A8B8F6FC-04CF-4B82-B24B-661A9CC18F01}.Debug|x86.Build.0 = Debug|Any CPU
		{A8B8F6FC-04CF-4B82-B24B-661A9CC18F01}.Release|Any CPU.ActiveCfg = Release|Any CPU
		{A8B8F6FC-04CF-4B82-B24B-661A9CC18F01}.Release|Any CPU.Build.0 = Release|Any CPU
		{A8B8F6FC-04CF-4B82-B24B-661A9CC18F01}.Release|x64.ActiveCfg = Release|Any CPU
		{A8B8F6FC-04CF-4B82-B24B-661A9CC18F01}.Release|x64.Build.0 = Release|Any CPU
		{A8B8F6FC-04CF-4B82-B24B-661A9CC18F01}.Release|x86.ActiveCfg = Release|Any CPU
		{A8B8F6FC-04CF-4B82-B24B-661A9CC18F01}.Release|x86.Build.0 = Release|Any CPU
		{E671140E-FCA4-44C9-AD99-340914CFBD89}.Debug|Any CPU.ActiveCfg = Debug|Any CPU
		{E671140E-FCA4-44C9-AD99-340914CFBD89}.Debug|Any CPU.Build.0 = Debug|Any CPU
		{E671140E-FCA4-44C9-AD99-340914CFBD89}.Debug|x64.ActiveCfg = Debug|Any CPU
		{E671140E-FCA4-44C9-AD99-340914CFBD89}.Debug|x64.Build.0 = Debug|Any CPU
		{E671140E-FCA4-44C9-AD99-340914CFBD89}.Debug|x86.ActiveCfg = Debug|Any CPU
		{E671140E-FCA4-44C9-AD99-340914CFBD89}.Debug|x86.Build.0 = Debug|Any CPU
		{E671140E-FCA4-44C9-AD99-340914CFBD89}.Release|Any CPU.ActiveCfg = Release|Any CPU
		{E671140E-FCA4-44C9-AD99-340914CFBD89}.Release|Any CPU.Build.0 = Release|Any CPU
		{E671140E-FCA4-44C9-AD99-340914CFBD89}.Release|x64.ActiveCfg = Release|Any CPU
		{E671140E-FCA4-44C9-AD99-340914CFBD89}.Release|x64.Build.0 = Release|Any CPU
		{E671140E-FCA4-44C9-AD99-340914CFBD89}.Release|x86.ActiveCfg = Release|Any CPU
		{E671140E-FCA4-44C9-AD99-340914CFBD89}.Release|x86.Build.0 = Release|Any CPU
		{F830541D-C33A-4F95-AC20-31165CEB437C}.Debug|Any CPU.ActiveCfg = Debug|Any CPU
		{F830541D-C33A-4F95-AC20-31165CEB437C}.Debug|Any CPU.Build.0 = Debug|Any CPU
		{F830541D-C33A-4F95-AC20-31165CEB437C}.Debug|x64.ActiveCfg = Debug|Any CPU
		{F830541D-C33A-4F95-AC20-31165CEB437C}.Debug|x64.Build.0 = Debug|Any CPU
		{F830541D-C33A-4F95-AC20-31165CEB437C}.Debug|x86.ActiveCfg = Debug|Any CPU
		{F830541D-C33A-4F95-AC20-31165CEB437C}.Debug|x86.Build.0 = Debug|Any CPU
		{F830541D-C33A-4F95-AC20-31165CEB437C}.Release|Any CPU.ActiveCfg = Release|Any CPU
		{F830541D-C33A-4F95-AC20-31165CEB437C}.Release|Any CPU.Build.0 = Release|Any CPU
		{F830541D-C33A-4F95-AC20-31165CEB437C}.Release|x64.ActiveCfg = Release|Any CPU
		{F830541D-C33A-4F95-AC20-31165CEB437C}.Release|x64.Build.0 = Release|Any CPU
		{F830541D-C33A-4F95-AC20-31165CEB437C}.Release|x86.ActiveCfg = Release|Any CPU
		{F830541D-C33A-4F95-AC20-31165CEB437C}.Release|x86.Build.0 = Release|Any CPU
		{6E741866-FE55-4478-8849-27E3E82C6F71}.Debug|Any CPU.ActiveCfg = Debug|Any CPU
		{6E741866-FE55-4478-8849-27E3E82C6F71}.Debug|Any CPU.Build.0 = Debug|Any CPU
		{6E741866-FE55-4478-8849-27E3E82C6F71}.Debug|x64.ActiveCfg = Debug|Any CPU
		{6E741866-FE55-4478-8849-27E3E82C6F71}.Debug|x64.Build.0 = Debug|Any CPU
		{6E741866-FE55-4478-8849-27E3E82C6F71}.Debug|x86.ActiveCfg = Debug|Any CPU
		{6E741866-FE55-4478-8849-27E3E82C6F71}.Debug|x86.Build.0 = Debug|Any CPU
		{6E741866-FE55-4478-8849-27E3E82C6F71}.Release|Any CPU.ActiveCfg = Release|Any CPU
		{6E741866-FE55-4478-8849-27E3E82C6F71}.Release|Any CPU.Build.0 = Release|Any CPU
		{6E741866-FE55-4478-8849-27E3E82C6F71}.Release|x64.ActiveCfg = Release|Any CPU
		{6E741866-FE55-4478-8849-27E3E82C6F71}.Release|x64.Build.0 = Release|Any CPU
		{6E741866-FE55-4478-8849-27E3E82C6F71}.Release|x86.ActiveCfg = Release|Any CPU
		{6E741866-FE55-4478-8849-27E3E82C6F71}.Release|x86.Build.0 = Release|Any CPU
	EndGlobalSection
	GlobalSection(SolutionProperties) = preSolution
		HideSolutionNode = FALSE
	EndGlobalSection
	GlobalSection(NestedProjects) = preSolution
		{0F37930C-BF24-48CF-83A8-CF649CCB9059} = {827E0CD3-B72D-47B6-A68D-7590B98EB39B}
		{D062A6A5-087E-454E-878D-AC07EE8CF7CD} = {827E0CD3-B72D-47B6-A68D-7590B98EB39B}
		{A8B8F6FC-04CF-4B82-B24B-661A9CC18F01} = {827E0CD3-B72D-47B6-A68D-7590B98EB39B}
		{E671140E-FCA4-44C9-AD99-340914CFBD89} = {827E0CD3-B72D-47B6-A68D-7590B98EB39B}
		{F830541D-C33A-4F95-AC20-31165CEB437C} = {0AB3BF05-4346-4AA6-1389-037BE0695223}
		{6E741866-FE55-4478-8849-27E3E82C6F71} = {0AB3BF05-4346-4AA6-1389-037BE0695223}
	EndGlobalSection
EndGlobal
